# THIS IS AN AUTOGENERATED FILE. DO NOT EDIT THIS FILE DIRECTLY.
# yarn lockfile v1


"@hookform/resolvers@^3.0.0":
  version "3.0.0"
  resolved "https://registry.yarnpkg.com/@hookform/resolvers/-/resolvers-3.0.0.tgz#bb9346f1550a472a980af5b08e549366c788ff76"
  integrity sha512-SQPefakODpyq25b/phHXDKCdRrEfPcCXV7B4nAa139wE1DxufYbbNAjeo0T04ZXBokRxZ+wD8iA1kkVMa3QwjQ==

react-hook-form@^7.43.8:
  version "7.43.8"
  resolved "https://registry.yarnpkg.com/react-hook-form/-/react-hook-form-7.43.8.tgz#189fe4fb31e15c280b529cc3041249ed12108d75"
  integrity sha512-BQm+Ge5KjTk1EchDBRhdP8Pkb7MArO2jFF+UWYr3rtvh6197khi22uloLqlWeuY02ItlCzPunPsFt1/q9wQKnw==

use-sync-external-store@1.2.0:
  version "1.2.0"
  resolved "https://registry.yarnpkg.com/use-sync-external-store/-/use-sync-external-store-1.2.0.tgz#7dbefd6ef3fe4e767a0cf5d7287aacfb5846928a"
  integrity sha512-eEgnFxGQ1Ife9bzYs6VLi8/4X6CObHMw9Qr9tPY43iKwsPw8xE8+EFsf/2cFZ5S3esXgpWgtSCtLNS41F+sKPA==

zod@^3.21.4:
  version "3.21.4"
  resolved "https://registry.yarnpkg.com/zod/-/zod-3.21.4.tgz#10882231d992519f0a10b5dd58a38c9dabbb64db"
  integrity sha512-m46AKbrzKVzOzs/DZgVnG5H55N1sv1M8qZU3A8RIKbs3mrACDNeIOeilDymVb2HdmP8uwshOCF4uJ8uM9rCqJw==

zustand@^4.3.6:
  version "4.3.6"
  resolved "https://registry.yarnpkg.com/zustand/-/zustand-4.3.6.tgz#ce7804eb75361af0461a2d0536b65461ec5de86f"
  integrity sha512-6J5zDxjxLE+yukC2XZWf/IyWVKnXT9b9HUv09VJ/bwGCpKNcaTqp7Ws28Xr8jnbvnZcdRaidztAPsXFBIqufiw==
  dependencies:
    use-sync-external-store "1.2.0"
